# THIS IS AN AUTOGENERATED FILE. DO NOT EDIT THIS FILE DIRECTLY.
# yarn lockfile v1


"@types/debug@^4.1.12":
  version "4.1.12"
  resolved "https://registry.yarnpkg.com/@types/debug/-/debug-4.1.12.tgz#a155f21690871953410df4b6b6f53187f0500917"
  integrity sha512-vIChWdVG3LG1SMxEvI/AK+FWJthlrqlTu7fbrlywTkkaONwk/UAGaULXRlf8vkzFBLVm0zkMdCquhL5aOjhXPQ==
  dependencies:
    "@types/ms" "*"

"@types/ms@*":
  version "2.1.0"
  resolved "https://registry.yarnpkg.com/@types/ms/-/ms-2.1.0.tgz#052aa67a48eccc4309d7f0191b7e41434b90bb78"
  integrity sha512-GsCCIZDE/p3i96vtEqx+7dBUGXrc7zeSK3wwPHIaRThS+9OhWIXRqzs4d6k1SVU8g91DrNRWxWUGhp5KXQb2VA==

"@types/node@^20.11.28":
  version "20.19.11"
  resolved "https://registry.yarnpkg.com/@types/node/-/node-20.19.11.tgz#728cab53092bd5f143beed7fbba7ba99de3c16c4"
  integrity sha512-uug3FEEGv0r+jrecvUUpbY8lLisvIjg6AAic6a2bSP5OEOLeJsDSnvhCDov7ipFFMXS3orMpzlmi0ZcuGkBbow==
  dependencies:
    undici-types "~6.21.0"

"@types/user-agents@^1.0.4":
  version "1.0.4"
  resolved "https://registry.yarnpkg.com/@types/user-agents/-/user-agents-1.0.4.tgz#49bf6760d9ca3858d91e6258835bf2c329b87cf0"
  integrity sha512-AjeFc4oX5WPPflgKfRWWJfkEk7Wu82fnj1rROPsiqFt6yElpdGFg8Srtm/4PU4rA9UiDUZlruGPgcwTMQlwq4w==

"@types/useragent@^2.3.4":
  version "2.3.4"
  resolved "https://registry.yarnpkg.com/@types/useragent/-/useragent-2.3.4.tgz#689c6c85cfe7200c467d02ae9182c15ea182fa6e"
  integrity sha512-4pGiUe4NptP06CwsW+pY/3bgGCUdMf8+DrtyJ+jNR1UTPnSEA57TsskdBtE+oq+GpPCXIR+n51RvzKIsyy4rrw==

debug@^4.3.4:
  version "4.4.1"
  resolved "https://registry.yarnpkg.com/debug/-/debug-4.4.1.tgz#e5a8bc6cbc4c6cd3e64308b0693a3d4fa550189b"
  integrity sha512-KcKCqiftBJcZr++7ykoDIEwSa3XWowTfNPo92BYxjXiyYEVrUQh2aLyhxBCwww+heortUFxEJYcRzosstTEBYQ==
  dependencies:
    ms "^2.1.3"

fsevents@2.3.2:
  version "2.3.2"
  resolved "https://registry.yarnpkg.com/fsevents/-/fsevents-2.3.2.tgz#8a526f78b8fdf4623b709e0b975c52c24c02fd1a"
  integrity sha512-xiqMQR4xAeHTuB9uWm+fFRcIOgKBMiOBP+eXiyT7jsgVCq1bkVygt00oASowB7EdtpOHaaPgKt812P9ab+DDKA==

lodash.clonedeep@^4.5.0:
  version "4.5.0"
  resolved "https://registry.yarnpkg.com/lodash.clonedeep/-/lodash.clonedeep-4.5.0.tgz#e23f3f9c4f8fbdde872529c1071857a086e5ccef"
  integrity sha512-H5ZhCF25riFd9uB5UCkVKo61m3S/xZk1x4wA6yp/L3RFP6Z/eHH1ymQcGLo7J3GMPfm0V/7m1tryHuGVxpqEBQ==

lru-cache@4.1.x:
  version "4.1.5"
  resolved "https://registry.yarnpkg.com/lru-cache/-/lru-cache-4.1.5.tgz#8bbe50ea85bed59bc9e33dcab8235ee9bcf443cd"
  integrity sha512-sWZlbEP2OsHNkXrMl5GYk/jKk70MBng6UU4YI/qGDYbgf6YbP4EvmqISbXCoJiRKs+1bSpFHVgQxvJ17F2li5g==
  dependencies:
    pseudomap "^1.0.2"
    yallist "^2.1.2"

ms@^2.1.3:
  version "2.1.3"
  resolved "https://registry.yarnpkg.com/ms/-/ms-2.1.3.tgz#574c8138ce1d2b5861f0b44579dbadd60c6615b2"
  integrity sha512-6FlzubTLZG3J2a/NVCAleEhjzq5oxgHyaCU9yYXvcLsvoVaHJq/s5xXI6/XXP6tz7R9xAOtHnSO/tXtF3WRTlA==

os-tmpdir@~1.0.2:
  version "1.0.2"
  resolved "https://registry.yarnpkg.com/os-tmpdir/-/os-tmpdir-1.0.2.tgz#bbe67406c79aa85c5cfec766fe5734555dfa1274"
  integrity sha512-D2FR03Vir7FIu45XBY20mTb+/ZSWB00sjU9jdQXt83gDrI4Ztz5Fs7/yy74g2N5SVQY4xY1qDr4rNddwYRVX0g==

patchright-core@1.52.5:
  version "1.52.5"
  resolved "https://registry.yarnpkg.com/patchright-core/-/patchright-core-1.52.5.tgz#11db7628ef9ce2265e2bc629778dde86c472938d"
  integrity sha512-8rnLVEK9jDZWzFPy2hCQrp4xhU7zgE8IqseZyjGkgxf+jpAWTuGNgIAlcsKZMfQrDL8j1mZgRIGNAQT00nk6QA==

patchright@^1.52.5:
  version "1.52.5"
  resolved "https://registry.yarnpkg.com/patchright/-/patchright-1.52.5.tgz#7d5927c1a909053e389dff33af1140b2b2bd9058"
  integrity sha512-wmRpsF9n02j0S+YDk0U3ouuWipHbUowwxbf/4K4G9ng311vvugoo8WndbU/fCsGtme8gYNfcEGcpfF6/L1NXHg==
  dependencies:
    patchright-core "1.52.5"
  optionalDependencies:
    fsevents "2.3.2"

pseudomap@^1.0.2:
  version "1.0.2"
  resolved "https://registry.yarnpkg.com/pseudomap/-/pseudomap-1.0.2.tgz#f052a28da70e618917ef0a8ac34c1ae5a68286b3"
  integrity sha512-b/YwNhb8lk1Zz2+bXXpS/LK9OisiZZ1SNsSLxN1x2OXVEhW2Ckr/7mWE5vrC1ZTiJlD9g19jWszTmJsB+oEpFQ==

tmp@0.0.x:
  version "0.0.33"
  resolved "https://registry.yarnpkg.com/tmp/-/tmp-0.0.33.tgz#6d34335889768d21b2bcda0aa277ced3b1bfadf9"
  integrity sha512-jRCJlojKnZ3addtTOjdIqoRuPEKBvNXcGYqzO6zWZX8KfKEpnGY5jfggJQ3EjKuu8D4bJRr0y+cYJFmYbImXGw==
  dependencies:
    os-tmpdir "~1.0.2"

typescript@^5.4.2:
  version "5.9.2"
  resolved "https://registry.yarnpkg.com/typescript/-/typescript-5.9.2.tgz#d93450cddec5154a2d5cabe3b8102b83316fb2a6"
  integrity sha512-CWBzXQrc/qOkhidw1OzBTQuYRbfyxDXJMVJ1XNwUHGROVmuaeiEm3OslpZ1RV96d7SKKjZKrSJu3+t/xlw3R9A==

undici-types@~6.21.0:
  version "6.21.0"
  resolved "https://registry.yarnpkg.com/undici-types/-/undici-types-6.21.0.tgz#691d00af3909be93a7faa13be61b3a5b50ef12cb"
  integrity sha512-iwDZqg0QAGrg9Rav5H4n0M64c3mkR59cJ6wQp+7C4nI0gsmExaedaYLNO44eT4AtBBwjbTiGPMlt2Md0T9H9JQ==

user-agents@^1.1.641:
  version "1.1.641"
  resolved "https://registry.yarnpkg.com/user-agents/-/user-agents-1.1.641.tgz#0861521547abe37fc40f72f97d21b9e4c3bea9d2"
  integrity sha512-Fn6yBflxEQ28rjI0VnvaKQ4egRTEtNGzTc+BwJBzfTAshqT3eKdlczGGJu4cACbqpGfU05jaCReaGiDHVaY+sA==
  dependencies:
    lodash.clonedeep "^4.5.0"

useragent@^2.3.0:
  version "2.3.0"
  resolved "https://registry.yarnpkg.com/useragent/-/useragent-2.3.0.tgz#217f943ad540cb2128658ab23fc960f6a88c9972"
  integrity sha512-4AoH4pxuSvHCjqLO04sU6U/uE65BYza8l/KKBS0b0hnUPWi+cQ2BpeTEwejCSx9SPV5/U03nniDTrWx5NrmKdw==
  dependencies:
    lru-cache "4.1.x"
    tmp "0.0.x"

yallist@^2.1.2:
  version "2.1.2"
  resolved "https://registry.yarnpkg.com/yallist/-/yallist-2.1.2.tgz#1c11f9218f076089a47dd512f93c6699a6a81d52"
  integrity sha512-ncTzHV7NvsQZkYe1DW7cbDLm0YpzHmZF5r/iyP3ZnQtMiJ+pjzisCiMNI+Sj+xQF5pXhSHxSB3uDbsBTzY/c2A==
